
Microsoft Visual Studio Solution File, Format Version 12.00
# Visual Studio Version 17
VisualStudioVersion = 17.14.36212.18 d17.14
MinimumVisualStudioVersion = 10.0.40219.1
Project("{FAE04EC0-301F-11D3-BF4B-00C04F79EFBC}") = "C44-G02-Generics02", "C44-G02-Generics02\C44-G02-Generics02.csproj", "{F4A7342A-7124-40FD-90AF-3DB365472E95}"
EndProject
Global
	GlobalSection(SolutionConfigurationPlatforms) = preSolution
		Debug|Any CPU = Debug|Any CPU
		Release|Any CPU = Release|Any CPU
	EndGlobalSection
	GlobalSection(ProjectConfigurationPlatforms) = postSolution
		{F4A7342A-7124-40FD-90AF-3DB365472E95}.Debug|Any CPU.ActiveCfg = Debug|Any CPU
		{F4A7342A-7124-40FD-90AF-3DB365472E95}.Debug|Any CPU.Build.0 = Debug|Any CPU
		{F4A7342A-7124-40FD-90AF-3DB365472E95}.Release|Any CPU.ActiveCfg = Release|Any CPU
		{F4A7342A-7124-40FD-90AF-3DB365472E95}.Release|Any CPU.Build.0 = Release|Any CPU
	EndGlobalSection
	GlobalSection(SolutionProperties) = preSolution
		HideSolutionNode = FALSE
	EndGlobalSection
	GlobalSection(ExtensibilityGlobals) = postSolution
		SolutionGuid = {BB8BF7D7-BDB9-4EEF-ABD5-02BEEC193F4B}
	EndGlobalSection
EndGlobal
